
Microsoft Visual Studio Solution File, Format Version 12.00
# Visual Studio 15
VisualStudioVersion = 15.0.26730.10
MinimumVisualStudioVersion = 10.0.40219.1
Project("{8BC9CEB8-8B4A-11D0-8D11-00A0C91BC942}") = "HW1 - PQ", "HW1 - PQ\HW1 - PQ.vcxproj", "{63EEBC83-87F0-43F4-9628-5766FC418AD2}"
EndProject
Project("{8BC9CEB8-8B4A-11D0-8D11-00A0C91BC942}") = "HW2 - PQ", "HW2 - PQ\HW2 - PQ.vcxproj", "{9A089C3C-77A6-44D7-9172-1AF214AB694F}"
EndProject
Global
	GlobalSection(SolutionConfigurationPlatforms) = preSolution
		Debug|x64 = Debug|x64
		Debug|x86 = Debug|x86
		Release|x64 = Release|x64
		Release|x86 = Release|x86
	EndGlobalSection
	GlobalSection(ProjectConfigurationPlatforms) = postSolution
		{63EEBC83-87F0-43F4-9628-5766FC418AD2}.Debug|x64.ActiveCfg = Debug|x64
		{63EEBC83-87F0-43F4-9628-5766FC418AD2}.Debug|x64.Build.0 = Debug|x64
		{63EEBC83-87F0-43F4-9628-5766FC418AD2}.Debug|x86.ActiveCfg = Debug|Win32
		{63EEBC83-87F0-43F4-9628-5766FC418AD2}.Debug|x86.Build.0 = Debug|Win32
		{63EEBC83-87F0-43F4-9628-5766FC418AD2}.Release|x64.ActiveCfg = Release|x64
		{63EEBC83-87F0-43F4-9628-5766FC418AD2}.Release|x64.Build.0 = Release|x64
		{63EEBC83-87F0-43F4-9628-5766FC418AD2}.Release|x86.ActiveCfg = Release|Win32
		{63EEBC83-87F0-43F4-9628-5766FC418AD2}.Release|x86.Build.0 = Release|Win32
		{9A089C3C-77A6-44D7-9172-1AF214AB694F}.Debug|x64.ActiveCfg = Debug|x64
		{9A089C3C-77A6-44D7-9172-1AF214AB694F}.Debug|x64.Build.0 = Debug|x64
		{9A089C3C-77A6-44D7-9172-1AF214AB694F}.Debug|x86.ActiveCfg = Debug|Win32
		{9A089C3C-77A6-44D7-9172-1AF214AB694F}.Debug|x86.Build.0 = Debug|Win32
		{9A089C3C-77A6-44D7-9172-1AF214AB694F}.Release|x64.ActiveCfg = Release|x64
		{9A089C3C-77A6-44D7-9172-1AF214AB694F}.Release|x64.Build.0 = Release|x64
		{9A089C3C-77A6-44D7-9172-1AF214AB694F}.Release|x86.ActiveCfg = Release|Win32
		{9A089C3C-77A6-44D7-9172-1AF214AB694F}.Release|x86.Build.0 = Release|Win32
	EndGlobalSection
	GlobalSection(SolutionProperties) = preSolution
		HideSolutionNode = FALSE
	EndGlobalSection
	GlobalSection(ExtensibilityGlobals) = postSolution
		SolutionGuid = {31F00516-FEC8-4FBA-BB63-27F34089EA5C}
	EndGlobalSection
EndGlobal
