
Microsoft Visual Studio Solution File, Format Version 12.00
# Visual Studio 15
VisualStudioVersion = 15.0.26730.10
MinimumVisualStudioVersion = 10.0.40219.1
Project("{8BC9CEB8-8B4A-11D0-8D11-00A0C91BC942}") = "Lab01-p", "Lab01-p\Lab01-p.vcxproj", "{F1A46C8F-43D4-4303-83D3-31DBC726F3F3}"
EndProject
Project("{8BC9CEB8-8B4A-11D0-8D11-00A0C91BC942}") = "Lab01", "Lab01\Lab01.vcxproj", "{11B93EE3-609C-44CF-9D28-73CD1AA9CB74}"
EndProject
Project("{8BC9CEB8-8B4A-11D0-8D11-00A0C91BC942}") = "Lab2-p", "Lab2-p\Lab2-p.vcxproj", "{067F9343-A254-4888-89E4-9231A69B2450}"
EndProject
Project("{8BC9CEB8-8B4A-11D0-8D11-00A0C91BC942}") = "Lab2", "Lab2\Lab2.vcxproj", "{AF205853-0DEA-4EDF-999A-DF928AA1E9F2}"
EndProject
Project("{8BC9CEB8-8B4A-11D0-8D11-00A0C91BC942}") = "Lab3", "Lab3\Lab3.vcxproj", "{A7123390-6270-496C-986C-B7D8790314A9}"
EndProject
Project("{8BC9CEB8-8B4A-11D0-8D11-00A0C91BC942}") = "Lab4", "Lab4\Lab4.vcxproj", "{D18E3148-A979-4B1B-BA05-D0B90A872408}"
EndProject
Project("{8BC9CEB8-8B4A-11D0-8D11-00A0C91BC942}") = "Lab5", "Lab5\Lab5.vcxproj", "{3E3B418F-03AC-4031-82E8-13577B6BC834}"
EndProject
Project("{8BC9CEB8-8B4A-11D0-8D11-00A0C91BC942}") = "Lab6", "Lab6\Lab6.vcxproj", "{AFA32AE4-9A02-4422-9096-EC50EAA9B447}"
EndProject
Project("{8BC9CEB8-8B4A-11D0-8D11-00A0C91BC942}") = "Lab8", "Lab8\Lab8.vcxproj", "{D457DEA4-0319-451D-B655-420E168C495F}"
EndProject
Global
	GlobalSection(SolutionConfigurationPlatforms) = preSolution
		Debug|x64 = Debug|x64
		Debug|x86 = Debug|x86
		Release|x64 = Release|x64
		Release|x86 = Release|x86
	EndGlobalSection
	GlobalSection(ProjectConfigurationPlatforms) = postSolution
		{F1A46C8F-43D4-4303-83D3-31DBC726F3F3}.Debug|x64.ActiveCfg = Debug|x64
		{F1A46C8F-43D4-4303-83D3-31DBC726F3F3}.Debug|x64.Build.0 = Debug|x64
		{F1A46C8F-43D4-4303-83D3-31DBC726F3F3}.Debug|x86.ActiveCfg = Debug|Win32
		{F1A46C8F-43D4-4303-83D3-31DBC726F3F3}.Debug|x86.Build.0 = Debug|Win32
		{F1A46C8F-43D4-4303-83D3-31DBC726F3F3}.Release|x64.ActiveCfg = Release|x64
		{F1A46C8F-43D4-4303-83D3-31DBC726F3F3}.Release|x64.Build.0 = Release|x64
		{F1A46C8F-43D4-4303-83D3-31DBC726F3F3}.Release|x86.ActiveCfg = Release|Win32
		{F1A46C8F-43D4-4303-83D3-31DBC726F3F3}.Release|x86.Build.0 = Release|Win32
		{11B93EE3-609C-44CF-9D28-73CD1AA9CB74}.Debug|x64.ActiveCfg = Debug|x64
		{11B93EE3-609C-44CF-9D28-73CD1AA9CB74}.Debug|x64.Build.0 = Debug|x64
		{11B93EE3-609C-44CF-9D28-73CD1AA9CB74}.Debug|x86.ActiveCfg = Debug|Win32
		{11B93EE3-609C-44CF-9D28-73CD1AA9CB74}.Debug|x86.Build.0 = Debug|Win32
		{11B93EE3-609C-44CF-9D28-73CD1AA9CB74}.Release|x64.ActiveCfg = Release|x64
		{11B93EE3-609C-44CF-9D28-73CD1AA9CB74}.Release|x64.Build.0 = Release|x64
		{11B93EE3-609C-44CF-9D28-73CD1AA9CB74}.Release|x86.ActiveCfg = Release|Win32
		{11B93EE3-609C-44CF-9D28-73CD1AA9CB74}.Release|x86.Build.0 = Release|Win32
		{067F9343-A254-4888-89E4-9231A69B2450}.Debug|x64.ActiveCfg = Debug|x64
		{067F9343-A254-4888-89E4-9231A69B2450}.Debug|x64.Build.0 = Debug|x64
		{067F9343-A254-4888-89E4-9231A69B2450}.Debug|x86.ActiveCfg = Debug|Win32
		{067F9343-A254-4888-89E4-9231A69B2450}.Debug|x86.Build.0 = Debug|Win32
		{067F9343-A254-4888-89E4-9231A69B2450}.Release|x64.ActiveCfg = Release|x64
		{067F9343-A254-4888-89E4-9231A69B2450}.Release|x64.Build.0 = Release|x64
		{067F9343-A254-4888-89E4-9231A69B2450}.Release|x86.ActiveCfg = Release|Win32
		{067F9343-A254-4888-89E4-9231A69B2450}.Release|x86.Build.0 = Release|Win32
		{AF205853-0DEA-4EDF-999A-DF928AA1E9F2}.Debug|x64.ActiveCfg = Debug|x64
		{AF205853-0DEA-4EDF-999A-DF928AA1E9F2}.Debug|x64.Build.0 = Debug|x64
		{AF205853-0DEA-4EDF-999A-DF928AA1E9F2}.Debug|x86.ActiveCfg = Debug|Win32
		{AF205853-0DEA-4EDF-999A-DF928AA1E9F2}.Debug|x86.Build.0 = Debug|Win32
		{AF205853-0DEA-4EDF-999A-DF928AA1E9F2}.Release|x64.ActiveCfg = Release|x64
		{AF205853-0DEA-4EDF-999A-DF928AA1E9F2}.Release|x64.Build.0 = Release|x64
		{AF205853-0DEA-4EDF-999A-DF928AA1E9F2}.Release|x86.ActiveCfg = Release|Win32
		{AF205853-0DEA-4EDF-999A-DF928AA1E9F2}.Release|x86.Build.0 = Release|Win32
		{A7123390-6270-496C-986C-B7D8790314A9}.Debug|x64.ActiveCfg = Debug|x64
		{A7123390-6270-496C-986C-B7D8790314A9}.Debug|x64.Build.0 = Debug|x64
		{A7123390-6270-496C-986C-B7D8790314A9}.Debug|x86.ActiveCfg = Debug|Win32
		{A7123390-6270-496C-986C-B7D8790314A9}.Debug|x86.Build.0 = Debug|Win32
		{A7123390-6270-496C-986C-B7D8790314A9}.Release|x64.ActiveCfg = Release|x64
		{A7123390-6270-496C-986C-B7D8790314A9}.Release|x64.Build.0 = Release|x64
		{A7123390-6270-496C-986C-B7D8790314A9}.Release|x86.ActiveCfg = Release|Win32
		{A7123390-6270-496C-986C-B7D8790314A9}.Release|x86.Build.0 = Release|Win32
		{D18E3148-A979-4B1B-BA05-D0B90A872408}.Debug|x64.ActiveCfg = Debug|x64
		{D18E3148-A979-4B1B-BA05-D0B90A872408}.Debug|x64.Build.0 = Debug|x64
		{D18E3148-A979-4B1B-BA05-D0B90A872408}.Debug|x86.ActiveCfg = Debug|Win32
		{D18E3148-A979-4B1B-BA05-D0B90A872408}.Debug|x86.Build.0 = Debug|Win32
		{D18E3148-A979-4B1B-BA05-D0B90A872408}.Release|x64.ActiveCfg = Release|x64
		{D18E3148-A979-4B1B-BA05-D0B90A872408}.Release|x64.Build.0 = Release|x64
		{D18E3148-A979-4B1B-BA05-D0B90A872408}.Release|x86.ActiveCfg = Release|Win32
		{D18E3148-A979-4B1B-BA05-D0B90A872408}.Release|x86.Build.0 = Release|Win32
		{3E3B418F-03AC-4031-82E8-13577B6BC834}.Debug|x64.ActiveCfg = Debug|x64
		{3E3B418F-03AC-4031-82E8-13577B6BC834}.Debug|x64.Build.0 = Debug|x64
		{3E3B418F-03AC-4031-82E8-13577B6BC834}.Debug|x86.ActiveCfg = Debug|Win32
		{3E3B418F-03AC-4031-82E8-13577B6BC834}.Debug|x86.Build.0 = Debug|Win32
		{3E3B418F-03AC-4031-82E8-13577B6BC834}.Release|x64.ActiveCfg = Release|x64
		{3E3B418F-03AC-4031-82E8-13577B6BC834}.Release|x64.Build.0 = Release|x64
		{3E3B418F-03AC-4031-82E8-13577B6BC834}.Release|x86.ActiveCfg = Release|Win32
		{3E3B418F-03AC-4031-82E8-13577B6BC834}.Release|x86.Build.0 = Release|Win32
		{AFA32AE4-9A02-4422-9096-EC50EAA9B447}.Debug|x64.ActiveCfg = Debug|x64
		{AFA32AE4-9A02-4422-9096-EC50EAA9B447}.Debug|x64.Build.0 = Debug|x64
		{AFA32AE4-9A02-4422-9096-EC50EAA9B447}.Debug|x86.ActiveCfg = Debug|Win32
		{AFA32AE4-9A02-4422-9096-EC50EAA9B447}.Debug|x86.Build.0 = Debug|Win32
		{AFA32AE4-9A02-4422-9096-EC50EAA9B447}.Release|x64.ActiveCfg = Release|x64
		{AFA32AE4-9A02-4422-9096-EC50EAA9B447}.Release|x64.Build.0 = Release|x64
		{AFA32AE4-9A02-4422-9096-EC50EAA9B447}.Release|x86.ActiveCfg = Release|Win32
		{AFA32AE4-9A02-4422-9096-EC50EAA9B447}.Release|x86.Build.0 = Release|Win32
		{D457DEA4-0319-451D-B655-420E168C495F}.Debug|x64.ActiveCfg = Debug|x64
		{D457DEA4-0319-451D-B655-420E168C495F}.Debug|x64.Build.0 = Debug|x64
		{D457DEA4-0319-451D-B655-420E168C495F}.Debug|x86.ActiveCfg = Debug|Win32
		{D457DEA4-0319-451D-B655-420E168C495F}.Debug|x86.Build.0 = Debug|Win32
		{D457DEA4-0319-451D-B655-420E168C495F}.Release|x64.ActiveCfg = Release|x64
		{D457DEA4-0319-451D-B655-420E168C495F}.Release|x64.Build.0 = Release|x64
		{D457DEA4-0319-451D-B655-420E168C495F}.Release|x86.ActiveCfg = Release|Win32
		{D457DEA4-0319-451D-B655-420E168C495F}.Release|x86.Build.0 = Release|Win32
	EndGlobalSection
	GlobalSection(SolutionProperties) = preSolution
		HideSolutionNode = FALSE
	EndGlobalSection
	GlobalSection(ExtensibilityGlobals) = postSolution
		SolutionGuid = {CD54A791-80B0-4D7E-97B2-F371EF0E221E}
	EndGlobalSection
EndGlobal
