
Microsoft Visual Studio Solution File, Format Version 12.00
# Visual Studio 15
VisualStudioVersion = 15.0.26730.10
MinimumVisualStudioVersion = 10.0.40219.1
Project("{8BC9CEB8-8B4A-11D0-8D11-00A0C91BC942}") = "Lab01-p", "Lab01-p\Lab01-p.vcxproj", "{F1A46C8F-43D4-4303-83D3-31DBC726F3F3}"
EndProject
Global
	GlobalSection(SolutionConfigurationPlatforms) = preSolution
		Debug|x64 = Debug|x64
		Debug|x86 = Debug|x86
		Release|x64 = Release|x64
		Release|x86 = Release|x86
	EndGlobalSection
	GlobalSection(ProjectConfigurationPlatforms) = postSolution
		{F1A46C8F-43D4-4303-83D3-31DBC726F3F3}.Debug|x64.ActiveCfg = Debug|x64
		{F1A46C8F-43D4-4303-83D3-31DBC726F3F3}.Debug|x64.Build.0 = Debug|x64
		{F1A46C8F-43D4-4303-83D3-31DBC726F3F3}.Debug|x86.ActiveCfg = Debug|Win32
		{F1A46C8F-43D4-4303-83D3-31DBC726F3F3}.Debug|x86.Build.0 = Debug|Win32
		{F1A46C8F-43D4-4303-83D3-31DBC726F3F3}.Release|x64.ActiveCfg = Release|x64
		{F1A46C8F-43D4-4303-83D3-31DBC726F3F3}.Release|x64.Build.0 = Release|x64
		{F1A46C8F-43D4-4303-83D3-31DBC726F3F3}.Release|x86.ActiveCfg = Release|Win32
		{F1A46C8F-43D4-4303-83D3-31DBC726F3F3}.Release|x86.Build.0 = Release|Win32
	EndGlobalSection
	GlobalSection(SolutionProperties) = preSolution
		HideSolutionNode = FALSE
	EndGlobalSection
	GlobalSection(ExtensibilityGlobals) = postSolution
		SolutionGuid = {CD54A791-80B0-4D7E-97B2-F371EF0E221E}
	EndGlobalSection
EndGlobal
