
Microsoft Visual Studio Solution File, Format Version 12.00
# Visual Studio 15
VisualStudioVersion = 15.0.26730.8
MinimumVisualStudioVersion = 10.0.40219.1
Project("{8BC9CEB8-8B4A-11D0-8D11-00A0C91BC942}") = "Transform Demo", "Transform Demo\Transform Demo.vcxproj", "{40DC7DD1-7003-41E8-AB0A-67D765DD83A2}"
EndProject
Project("{8BC9CEB8-8B4A-11D0-8D11-00A0C91BC942}") = "Transform Demo Modified", "Transform Demo Modified\Transform Demo Modified.vcxproj", "{36DFE5D7-3227-4963-B4BD-B066700A84C6}"
EndProject
Global
	GlobalSection(SolutionConfigurationPlatforms) = preSolution
		Debug|x64 = Debug|x64
		Debug|x86 = Debug|x86
		Release|x64 = Release|x64
		Release|x86 = Release|x86
	EndGlobalSection
	GlobalSection(ProjectConfigurationPlatforms) = postSolution
		{40DC7DD1-7003-41E8-AB0A-67D765DD83A2}.Debug|x64.ActiveCfg = Debug|x64
		{40DC7DD1-7003-41E8-AB0A-67D765DD83A2}.Debug|x64.Build.0 = Debug|x64
		{40DC7DD1-7003-41E8-AB0A-67D765DD83A2}.Debug|x86.ActiveCfg = Debug|Win32
		{40DC7DD1-7003-41E8-AB0A-67D765DD83A2}.Debug|x86.Build.0 = Debug|Win32
		{40DC7DD1-7003-41E8-AB0A-67D765DD83A2}.Release|x64.ActiveCfg = Release|x64
		{40DC7DD1-7003-41E8-AB0A-67D765DD83A2}.Release|x64.Build.0 = Release|x64
		{40DC7DD1-7003-41E8-AB0A-67D765DD83A2}.Release|x86.ActiveCfg = Release|Win32
		{40DC7DD1-7003-41E8-AB0A-67D765DD83A2}.Release|x86.Build.0 = Release|Win32
		{36DFE5D7-3227-4963-B4BD-B066700A84C6}.Debug|x64.ActiveCfg = Debug|x64
		{36DFE5D7-3227-4963-B4BD-B066700A84C6}.Debug|x64.Build.0 = Debug|x64
		{36DFE5D7-3227-4963-B4BD-B066700A84C6}.Debug|x86.ActiveCfg = Debug|Win32
		{36DFE5D7-3227-4963-B4BD-B066700A84C6}.Debug|x86.Build.0 = Debug|Win32
		{36DFE5D7-3227-4963-B4BD-B066700A84C6}.Release|x64.ActiveCfg = Release|x64
		{36DFE5D7-3227-4963-B4BD-B066700A84C6}.Release|x64.Build.0 = Release|x64
		{36DFE5D7-3227-4963-B4BD-B066700A84C6}.Release|x86.ActiveCfg = Release|Win32
		{36DFE5D7-3227-4963-B4BD-B066700A84C6}.Release|x86.Build.0 = Release|Win32
	EndGlobalSection
	GlobalSection(SolutionProperties) = preSolution
		HideSolutionNode = FALSE
	EndGlobalSection
	GlobalSection(ExtensibilityGlobals) = postSolution
		SolutionGuid = {FA75D7AD-1C65-4971-A18D-2B5209902D4D}
	EndGlobalSection
EndGlobal
